version = 1
revision = 2
requires-python = ">=3.10"

[[package]]
name = "anyio"
version = "3.6.2"
source = { registry = "https://pypi.org/simple" }
dependencies = [
    { name = "idna" },
    { name = "sniffio" },
]
sdist = { url = "https://files.pythonhosted.org/packages/8b/94/6928d4345f2bc1beecbff03325cad43d320717f51ab74ab5a571324f4f5a/anyio-3.6.2.tar.gz", hash = "sha256:25ea0d673ae30af41a0c442f81cf3b38c7e79fdc7b60335a4c14e05eb0947421", size = 140378, upload-time = "2022-10-19T10:08:34.564Z" }
wheels = [
    { url = "https://files.pythonhosted.org/packages/77/2b/b4c0b7a3f3d61adb1a1e0b78f90a94e2b6162a043880704b7437ef297cad/anyio-3.6.2-py3-none-any.whl", hash = "sha256:fbbe32bd270d2a2ef3ed1c5d45041250284e31fc0a4df4a5a6071842051a51e3", size = 80622, upload-time = "2022-10-19T10:08:32.354Z" },
]

[[package]]
name = "appdirs"
version = "1.4.4"
source = { registry = "https://pypi.org/simple" }
sdist = { url = "https://files.pythonhosted.org/packages/d7/d8/05696357e0311f5b5c316d7b95f46c669dd9c15aaeecbb48c7d0aeb88c40/appdirs-1.4.4.tar.gz", hash = "sha256:7d5d0167b2b1ba821647616af46a749d1c653740dd0d2415100fe26e27afdf41", size = 13470, upload-time = "2020-05-11T07:59:51.037Z" }
wheels = [
    { url = "https://files.pythonhosted.org/packages/3b/00/2344469e2084fb287c2e0b57b72910309874c3245463acd6cf5e3db69324/appdirs-1.4.4-py2.py3-none-any.whl", hash = "sha256:a841dacd6b99318a741b166adb07e19ee71a274450e68237b4650ca1055ab128", size = 9566, upload-time = "2020-05-11T07:59:49.499Z" },
]

[[package]]
name = "beautifulsoup4"
version = "4.12.2"
source = { registry = "https://pypi.org/simple" }
dependencies = [
    { name = "soupsieve" },
]
sdist = { url = "https://files.pythonhosted.org/packages/af/0b/44c39cf3b18a9280950ad63a579ce395dda4c32193ee9da7ff0aed547094/beautifulsoup4-4.12.2.tar.gz", hash = "sha256:492bbc69dca35d12daac71c4db1bfff0c876c00ef4a2ffacce226d4638eb72da", size = 505113, upload-time = "2023-04-07T15:02:49.038Z" }
wheels = [
    { url = "https://files.pythonhosted.org/packages/57/f4/a69c20ee4f660081a7dedb1ac57f29be9378e04edfcb90c526b923d4bebc/beautifulsoup4-4.12.2-py3-none-any.whl", hash = "sha256:bd2520ca0d9d7d12694a53d44ac482d181b4ec1888909b035a3dbf40d0f57d4a", size = 142979, upload-time = "2023-04-07T15:02:50.77Z" },
]

[[package]]
name = "bs4"
version = "0.0.1"
source = { registry = "https://pypi.org/simple" }
dependencies = [
    { name = "beautifulsoup4" },
]
sdist = { url = "https://files.pythonhosted.org/packages/10/ed/7e8b97591f6f456174139ec089c769f89a94a1a4025fe967691de971f314/bs4-0.0.1.tar.gz", hash = "sha256:36ecea1fd7cc5c0c6e4a1ff075df26d50da647b75376626cc186e2212886dd3a", size = 1121, upload-time = "2016-03-03T13:25:12.284Z" }

[[package]]
name = "bus-alerts"
version = "0.1.0"
source = { virtual = "." }
dependencies = [
    { name = "feedparser" },
    { name = "html2text" },
    { name = "httpx" },
    { name = "requests-html" },
]

[package.metadata]
requires-dist = [
    { name = "feedparser", specifier = ">=6.0.10,<7" },
    { name = "html2text", specifier = ">=2020.1.16,<2021" },
    { name = "httpx", specifier = ">=0.24.0,<0.25" },
    { name = "requests-html", specifier = ">=0.10.0,<0.11" },
]

[[package]]
name = "certifi"
version = "2022.12.7"
source = { registry = "https://pypi.org/simple" }
sdist = { url = "https://files.pythonhosted.org/packages/37/f7/2b1b0ec44fdc30a3d31dfebe52226be9ddc40cd6c0f34ffc8923ba423b69/certifi-2022.12.7.tar.gz", hash = "sha256:35824b4c3a97115964b408844d64aa14db1cc518f6562e8d7261699d1350a9e3", size = 156897, upload-time = "2022-12-07T20:13:22.081Z" }
wheels = [
    { url = "https://files.pythonhosted.org/packages/71/4c/3db2b8021bd6f2f0ceb0e088d6b2d49147671f25832fb17970e9b583d742/certifi-2022.12.7-py3-none-any.whl", hash = "sha256:4ad3232f5e926d6718ec31cfc1fcadfde020920e278684144551c91769c7bc18", size = 155255, upload-time = "2022-12-07T20:13:19.428Z" },
]

[[package]]
name = "charset-normalizer"
version = "3.1.0"
source = { registry = "https://pypi.org/simple" }
sdist = { url = "https://files.pythonhosted.org/packages/ff/d7/8d757f8bd45be079d76309248845a04f09619a7b17d6dfc8c9ff6433cac2/charset-normalizer-3.1.0.tar.gz", hash = "sha256:34e0a2f9c370eb95597aae63bf85eb5e96826d81e3dcf88b8886012906f509b5", size = 95987, upload-time = "2023-03-06T09:49:37.964Z" }
wheels = [
    { url = "https://files.pythonhosted.org/packages/4f/a2/9031ba4a008e11a21d7b7aa41751290d2f2035a2f14ecb6e589771a17c47/charset_normalizer-3.1.0-cp310-cp310-macosx_10_9_universal2.whl", hash = "sha256:e0ac8959c929593fee38da1c2b64ee9778733cdf03c482c9ff1d508b6b593b2b", size = 202016, upload-time = "2023-03-06T09:48:01.969Z" },
    { url = "https://files.pythonhosted.org/packages/67/df/660e9665ace7ad711e275194a86cb757fb4d4e513fae5ff3d39573db4984/charset_normalizer-3.1.0-cp310-cp310-macosx_10_9_x86_64.whl", hash = "sha256:d7fc3fca01da18fbabe4625d64bb612b533533ed10045a2ac3dd194bfa656b60", size = 124833, upload-time = "2023-03-06T09:48:03.549Z" },
    { url = "https://files.pythonhosted.org/packages/c6/ab/43ea052756b2f2dcb6a131897811c0e2704b0288f090336217d3346cd682/charset_normalizer-3.1.0-cp310-cp310-macosx_11_0_arm64.whl", hash = "sha256:04eefcee095f58eaabe6dc3cc2262f3bcd776d2c67005880894f447b3f2cb9c1", size = 123014, upload-time = "2023-03-06T09:48:05.112Z" },
    { url = "https://files.pythonhosted.org/packages/6d/59/59a3f4d8a59ee270da77f9e954a0e284c9d6884d39ec69d696d9aa5ff2f2/charset_normalizer-3.1.0-cp310-cp310-manylinux_2_17_aarch64.manylinux2014_aarch64.whl", hash = "sha256:20064ead0717cf9a73a6d1e779b23d149b53daf971169289ed2ed43a71e8d3b0", size = 195883, upload-time = "2023-03-06T09:48:06.672Z" },
    { url = "https://files.pythonhosted.org/packages/69/22/66351781e668158feef71c5e3b059a79ecc9efc3ef84a45888b0f3a933d5/charset_normalizer-3.1.0-cp310-cp310-manylinux_2_17_ppc64le.manylinux2014_ppc64le.whl", hash = "sha256:1435ae15108b1cb6fffbcea2af3d468683b7afed0169ad718451f8db5d1aff6f", size = 209435, upload-time = "2023-03-06T09:48:07.79Z" },
    { url = "https://files.pythonhosted.org/packages/72/90/667a6bc6abe42fc10adf4cd2c1e1c399d78e653dbac4c8018350843d4ab7/charset_normalizer-3.1.0-cp310-cp310-manylinux_2_17_s390x.manylinux2014_s390x.whl", hash = "sha256:c84132a54c750fda57729d1e2599bb598f5fa0344085dbde5003ba429a4798c0", size = 199153, upload-time = "2023-03-06T09:48:09.453Z" },
    { url = "https://files.pythonhosted.org/packages/cc/f6/21a66e524658bd1dd7b89ac9d1ee8f7823f2d9701a2fbc458ab9ede53c63/charset_normalizer-3.1.0-cp310-cp310-manylinux_2_17_x86_64.manylinux2014_x86_64.whl", hash = "sha256:75f2568b4189dda1c567339b48cba4ac7384accb9c2a7ed655cd86b04055c795", size = 199292, upload-time = "2023-03-06T09:48:11.097Z" },
    { url = "https://files.pythonhosted.org/packages/bb/dc/58fdef3ab85e8e7953a8b89ef1d2c06938b8ad88d9617f22967e1a90e6b8/charset_normalizer-3.1.0-cp310-cp310-manylinux_2_5_i686.manylinux1_i686.manylinux_2_17_i686.manylinux2014_i686.whl", hash = "sha256:11d3bcb7be35e7b1bba2c23beedac81ee893ac9871d0ba79effc7fc01167db6c", size = 200728, upload-time = "2023-03-06T09:48:12.684Z" },
    { url = "https://files.pythonhosted.org/packages/c2/35/dfb4032f5712747d3dcfdd19d0768f6d8f60910ae24ed066ecbf442be013/charset_normalizer-3.1.0-cp310-cp310-musllinux_1_1_aarch64.whl", hash = "sha256:891cf9b48776b5c61c700b55a598621fdb7b1e301a550365571e9624f270c203", size = 192709, upload-time = "2023-03-06T09:48:13.78Z" },
    { url = "https://files.pythonhosted.org/packages/f2/d7/6ee92c11eda3f3c9cac1e059901092bfdf07388be7d2e60ac627527eee62/charset_normalizer-3.1.0-cp310-cp310-musllinux_1_1_i686.whl", hash = "sha256:5f008525e02908b20e04707a4f704cd286d94718f48bb33edddc7d7b584dddc1", size = 194349, upload-time = "2023-03-06T09:48:15.475Z" },
    { url = "https://files.pythonhosted.org/packages/23/13/cf5d7bb5bc95f120df64d6c470581189df51d7f011560b2a06a395b7a120/charset_normalizer-3.1.0-cp310-cp310-musllinux_1_1_ppc64le.whl", hash = "sha256:b06f0d3bf045158d2fb8837c5785fe9ff9b8c93358be64461a1089f5da983137", size = 205122, upload-time = "2023-03-06T09:48:16.633Z" },
    { url = "https://files.pythonhosted.org/packages/74/f1/d0b8385b574f7e086fb6709e104b696707bd3742d54a6caf0cebbb7e975b/charset_normalizer-3.1.0-cp310-cp310-musllinux_1_1_s390x.whl", hash = "sha256:49919f8400b5e49e961f320c735388ee686a62327e773fa5b3ce6721f7e785ce", size = 195332, upload-time = "2023-03-06T09:48:17.894Z" },
    { url = "https://files.pythonhosted.org/packages/f4/0a/8c03913ed1eca9d831db0c28759edb6ce87af22bb55dbc005a52525a75b6/charset_normalizer-3.1.0-cp310-cp310-musllinux_1_1_x86_64.whl", hash = "sha256:22908891a380d50738e1f978667536f6c6b526a2064156203d418f4856d6e86a", size = 192813, upload-time = "2023-03-06T09:48:19.457Z" },
    { url = "https://files.pythonhosted.org/packages/2e/25/3eab2b38fef9ae59f7b4e9c1e62eb50609d911867e5acabace95fe25c0b1/charset_normalizer-3.1.0-cp310-cp310-win32.whl", hash = "sha256:12d1a39aa6b8c6f6248bb54550efcc1c38ce0d8096a146638fd4738e42284448", size = 89472, upload-time = "2023-03-06T09:48:20.694Z" },
    { url = "https://files.pythonhosted.org/packages/05/f3/86b5fcb5c8fe8b4231362918a7c4d8f549c56561c5fdb495a3c5b41c6862/charset_normalizer-3.1.0-cp310-cp310-win_amd64.whl", hash = "sha256:65ed923f84a6844de5fd29726b888e58c62820e0769b76565480e1fdc3d062f8", size = 97074, upload-time = "2023-03-06T09:48:21.767Z" },
    { url = "https://files.pythonhosted.org/packages/e1/7c/398600268fc98b7e007f5a716bd60903fff1ecff75e45f5700212df5cd76/charset_normalizer-3.1.0-cp311-cp311-macosx_10_9_universal2.whl", hash = "sha256:9a3267620866c9d17b959a84dd0bd2d45719b817245e49371ead79ed4f710d19", size = 199439, upload-time = "2023-03-06T09:48:23.393Z" },
    { url = "https://files.pythonhosted.org/packages/0a/67/8d3d162ec6641911879651cdef670c3c6136782b711d7f8e82e2fffe06e0/charset_normalizer-3.1.0-cp311-cp311-macosx_10_9_x86_64.whl", hash = "sha256:6734e606355834f13445b6adc38b53c0fd45f1a56a9ba06c2058f86893ae8017", size = 123737, upload-time = "2023-03-06T09:48:25.059Z" },
    { url = "https://files.pythonhosted.org/packages/85/e8/18d408d8fe29a56012c10d6b15960940b83f06620e9d7481581cdc6d9901/charset_normalizer-3.1.0-cp311-cp311-macosx_11_0_arm64.whl", hash = "sha256:f8303414c7b03f794347ad062c0516cee0e15f7a612abd0ce1e25caf6ceb47df", size = 121686, upload-time = "2023-03-06T09:48:26.156Z" },
    { url = "https://files.pythonhosted.org/packages/9e/62/a1e0a8f8830c92014602c8a88a1a20b8a68d636378077381f671e6e1cec9/charset_normalizer-3.1.0-cp311-cp311-manylinux_2_17_aarch64.manylinux2014_aarch64.whl", hash = "sha256:aaf53a6cebad0eae578f062c7d462155eada9c172bd8c4d250b8c1d8eb7f916a", size = 193978, upload-time = "2023-03-06T09:48:27.266Z" },
    { url = "https://files.pythonhosted.org/packages/12/12/c5c39f5a149cd6788d2e40cea5618bae37380e2754fcdf53dc9e01bdd33a/charset_normalizer-3.1.0-cp311-cp311-manylinux_2_17_ppc64le.manylinux2014_ppc64le.whl", hash = "sha256:3dc5b6a8ecfdc5748a7e429782598e4f17ef378e3e272eeb1340ea57c9109f41", size = 207518, upload-time = "2023-03-06T09:48:28.407Z" },
    { url = "https://files.pythonhosted.org/packages/d7/4c/37ad75674e8c6bc22ab01bef673d2d6e46ee44203498c9a26aa23959afe5/charset_normalizer-3.1.0-cp311-cp311-manylinux_2_17_s390x.manylinux2014_s390x.whl", hash = "sha256:e1b25e3ad6c909f398df8921780d6a3d120d8c09466720226fc621605b6f92b1", size = 197713, upload-time = "2023-03-06T09:48:29.523Z" },
    { url = "https://files.pythonhosted.org/packages/18/36/7ae10a3dd7f9117b61180671f8d1e4802080cca88ad40aaabd3dad8bab0e/charset_normalizer-3.1.0-cp311-cp311-manylinux_2_17_x86_64.manylinux2014_x86_64.whl", hash = "sha256:0ca564606d2caafb0abe6d1b5311c2649e8071eb241b2d64e75a0d0065107e62", size = 197270, upload-time = "2023-03-06T09:48:30.656Z" },
    { url = "https://files.pythonhosted.org/packages/16/58/19fd2f62e6ff44ba0db0cd44b584790555e2cde09293149f4409d654811b/charset_normalizer-3.1.0-cp311-cp311-manylinux_2_5_i686.manylinux1_i686.manylinux_2_17_i686.manylinux2014_i686.whl", hash = "sha256:b82fab78e0b1329e183a65260581de4375f619167478dddab510c6c6fb04d9b6", size = 198541, upload-time = "2023-03-06T09:48:32.284Z" },
    { url = "https://files.pythonhosted.org/packages/c9/8c/a76dd9f2c8803eb147e1e715727f5c3ba0ef39adaadf66a7b3698c113180/charset_normalizer-3.1.0-cp311-cp311-musllinux_1_1_aarch64.whl", hash = "sha256:bd7163182133c0c7701b25e604cf1611c0d87712e56e88e7ee5d72deab3e76b5", size = 190663, upload-time = "2023-03-06T09:48:33.481Z" },
    { url = "https://files.pythonhosted.org/packages/21/16/1b0d8fdcb81bbf180976af4f867ce0f2244d303ab10d452fde361dec3b5c/charset_normalizer-3.1.0-cp311-cp311-musllinux_1_1_i686.whl", hash = "sha256:11d117e6c63e8f495412d37e7dc2e2fff09c34b2d09dbe2bee3c6229577818be", size = 192306, upload-time = "2023-03-06T09:48:34.587Z" },
    { url = "https://files.pythonhosted.org/packages/5d/2b/4d8c80400c04ae3c8dbc847de092e282b5c7b17f8f9505d68bb3e5815c71/charset_normalizer-3.1.0-cp311-cp311-musllinux_1_1_ppc64le.whl", hash = "sha256:cf6511efa4801b9b38dc5546d7547d5b5c6ef4b081c60b23e4d941d0eba9cbeb", size = 202834, upload-time = "2023-03-06T09:48:35.73Z" },
    { url = "https://files.pythonhosted.org/packages/e5/aa/9d2d60d6a566423da96c15cd11cbb88a70f9aff9a4db096094ee19179cab/charset_normalizer-3.1.0-cp311-cp311-musllinux_1_1_s390x.whl", hash = "sha256:abc1185d79f47c0a7aaf7e2412a0eb2c03b724581139193d2d82b3ad8cbb00ac", size = 193463, upload-time = "2023-03-06T09:48:36.882Z" },
    { url = "https://files.pythonhosted.org/packages/56/24/5f2dedcf3d0673931b6200c410832ae44b376848bc899dbf1fa6c91c4ebe/charset_normalizer-3.1.0-cp311-cp311-musllinux_1_1_x86_64.whl", hash = "sha256:cb7b2ab0188829593b9de646545175547a70d9a6e2b63bf2cd87a0a391599324", size = 190959, upload-time = "2023-03-06T09:48:38.059Z" },
    { url = "https://files.pythonhosted.org/packages/bc/08/7e7c97399806366ca515a049c3a1e4b644a6a2048bed16e5e67bfaafd0aa/charset_normalizer-3.1.0-cp311-cp311-win32.whl", hash = "sha256:c36bcbc0d5174a80d6cccf43a0ecaca44e81d25be4b7f90f0ed7bcfbb5a00909", size = 89241, upload-time = "2023-03-06T09:48:39.649Z" },
    { url = "https://files.pythonhosted.org/packages/ad/83/994bfca99e29f1bab66b9248e739360ee70b5aae0a5ee488cd776501edbc/charset_normalizer-3.1.0-cp311-cp311-win_amd64.whl", hash = "sha256:cca4def576f47a09a943666b8f829606bcb17e2bc2d5911a46c8f8da45f56755", size = 96688, upload-time = "2023-03-06T09:48:40.77Z" },
    { url = "https://files.pythonhosted.org/packages/ef/81/14b3b8f01ddaddad6cdec97f2f599aa2fa466bd5ee9af99b08b7713ccd29/charset_normalizer-3.1.0-py3-none-any.whl", hash = "sha256:3d9098b479e78c85080c98e1e35ff40b4a31d8953102bb0fd7d1b6f8a2111a3d", size = 46166, upload-time = "2023-03-06T09:49:36.848Z" },
]

[[package]]
name = "colorama"
version = "0.4.6"
source = { registry = "https://pypi.org/simple" }
sdist = { url = "https://files.pythonhosted.org/packages/d8/53/6f443c9a4a8358a93a6792e2acffb9d9d5cb0a5cfd8802644b7b1c9a02e4/colorama-0.4.6.tar.gz", hash = "sha256:08695f5cb7ed6e0531a20572697297273c47b8cae5a63ffc6d6ed5c201be6e44", size = 27697, upload-time = "2022-10-25T02:36:22.414Z" }
wheels = [
    { url = "https://files.pythonhosted.org/packages/d1/d6/3965ed04c63042e047cb6a3e6ed1a63a35087b6a609aa3a15ed8ac56c221/colorama-0.4.6-py2.py3-none-any.whl", hash = "sha256:4f1d9991f5acc0ca119f9d443620b77f9d6b33703e51011c16baf57afb285fc6", size = 25335, upload-time = "2022-10-25T02:36:20.889Z" },
]

[[package]]
name = "cssselect"
version = "1.2.0"
source = { registry = "https://pypi.org/simple" }
sdist = { url = "https://files.pythonhosted.org/packages/d1/91/d51202cc41fbfca7fa332f43a5adac4b253962588c7cc5a54824b019081c/cssselect-1.2.0.tar.gz", hash = "sha256:666b19839cfaddb9ce9d36bfe4c969132c647b92fc9088c4e23f786b30f1b3dc", size = 41423, upload-time = "2022-10-27T13:25:41.71Z" }
wheels = [
    { url = "https://files.pythonhosted.org/packages/06/a9/2da08717a6862c48f1d61ef957a7bba171e7eefa6c0aa0ceb96a140c2a6b/cssselect-1.2.0-py2.py3-none-any.whl", hash = "sha256:da1885f0c10b60c03ed5eccbb6b68d6eff248d91976fcde348f395d54c9fd35e", size = 18687, upload-time = "2022-10-27T13:25:40.153Z" },
]

[[package]]
name = "fake-useragent"
version = "1.1.3"
source = { registry = "https://pypi.org/simple" }
sdist = { url = "https://files.pythonhosted.org/packages/1c/ed/05c6beb88d82c13ae84394604f5a292ddf9a37f088850aa5cbc8a091e711/fake-useragent-1.1.3.tar.gz", hash = "sha256:1c06f0aa7d6e4894b919b30b9c7ebd72ff497325191057fbb5df3d5db06b93fc", size = 55172, upload-time = "2023-03-20T20:37:45.587Z" }
wheels = [
    { url = "https://files.pythonhosted.org/packages/8d/f3/28e7af53e09c9218140901dc23fdd75cdaf3e64d1d06f61801cf2a841bcb/fake_useragent-1.1.3-py3-none-any.whl", hash = "sha256:695d3b1bf7d11d04ab0f971fb73b0ca8de98b78bbadfbc8bacbc9a48423f7531", size = 50481, upload-time = "2023-03-20T20:37:43.742Z" },
]

[[package]]
name = "feedparser"
version = "6.0.10"
source = { registry = "https://pypi.org/simple" }
dependencies = [
    { name = "sgmllib3k" },
]
sdist = { url = "https://files.pythonhosted.org/packages/63/9a/824e3c036dec4f0adb4e7c36dcf4cbffc9ee317a4985218cb1663c7ab4ad/feedparser-6.0.10.tar.gz", hash = "sha256:27da485f4637ce7163cdeab13a80312b93b7d0c1b775bef4a47629a3110bca51", size = 286395, upload-time = "2022-05-21T13:54:12.625Z" }
wheels = [
    { url = "https://files.pythonhosted.org/packages/92/1e/741fd94cf2855d251712868f2183cb6485a28daaa3947e1a7046dc036aca/feedparser-6.0.10-py3-none-any.whl", hash = "sha256:79c257d526d13b944e965f6095700587f27388e50ea16fd245babe4dfae7024f", size = 81103, upload-time = "2022-05-21T13:54:10.647Z" },
]

[[package]]
name = "h11"
version = "0.14.0"
source = { registry = "https://pypi.org/simple" }
sdist = { url = "https://files.pythonhosted.org/packages/f5/38/3af3d3633a34a3316095b39c8e8fb4853a28a536e55d347bd8d8e9a14b03/h11-0.14.0.tar.gz", hash = "sha256:8f19fbbe99e72420ff35c00b27a34cb9937e902a8b810e2c88300c6f0a3b699d", size = 100418, upload-time = "2022-09-25T15:40:01.519Z" }
wheels = [
    { url = "https://files.pythonhosted.org/packages/95/04/ff642e65ad6b90db43e668d70ffb6736436c7ce41fcc549f4e9472234127/h11-0.14.0-py3-none-any.whl", hash = "sha256:e3fe4ac4b851c468cc8363d500db52c2ead036020723024a109d37346efaa761", size = 58259, upload-time = "2022-09-25T15:39:59.68Z" },
]

[[package]]
name = "html2text"
version = "2020.1.16"
source = { registry = "https://pypi.org/simple" }
sdist = { url = "https://files.pythonhosted.org/packages/6c/f9/033a17d8ea8181aee41f20c74c3b20f1ccbefbbc3f7cd24e3692de99fb25/html2text-2020.1.16.tar.gz", hash = "sha256:e296318e16b059ddb97f7a8a1d6a5c1d7af4544049a01e261731d2d5cc277bbb", size = 49464, upload-time = "2020-01-16T14:21:54.493Z" }
wheels = [
    { url = "https://files.pythonhosted.org/packages/ae/88/14655f727f66b3e3199f4467bafcc88283e6c31b562686bf606264e09181/html2text-2020.1.16-py3-none-any.whl", hash = "sha256:c7c629882da0cf377d66f073329ccf34a12ed2adf0169b9285ae4e63ef54c82b", size = 32055, upload-time = "2020-01-16T14:21:52.904Z" },
]

[[package]]
name = "httpcore"
version = "0.17.0"
source = { registry = "https://pypi.org/simple" }
dependencies = [
    { name = "anyio" },
    { name = "certifi" },
    { name = "h11" },
    { name = "sniffio" },
]
sdist = { url = "https://files.pythonhosted.org/packages/41/16/c809655d32fd93e688b9e2a1aaba1008118369d1eda00818f6f65eb509f8/httpcore-0.17.0.tar.gz", hash = "sha256:cc045a3241afbf60ce056202301b4d8b6af08845e3294055eb26b09913ef903c", size = 57317, upload-time = "2023-03-16T13:42:36.439Z" }
wheels = [
    { url = "https://files.pythonhosted.org/packages/6c/39/05ebe30333ec66bba849d3c25c85d759b94c43bb03b2222de051c50d4390/httpcore-0.17.0-py3-none-any.whl", hash = "sha256:0fdfea45e94f0c9fd96eab9286077f9ff788dd186635ae61b312693e4d943599", size = 70640, upload-time = "2023-03-16T13:42:35.151Z" },
]

[[package]]
name = "httpx"
version = "0.24.0"
source = { registry = "https://pypi.org/simple" }
dependencies = [
    { name = "certifi" },
    { name = "httpcore" },
    { name = "idna" },
    { name = "sniffio" },
]
sdist = { url = "https://files.pythonhosted.org/packages/ae/23/f7beaf11a8b95fc173b8979c4bfd23ea7711c5ebd458d657d24a59df7e9f/httpx-0.24.0.tar.gz", hash = "sha256:507d676fc3e26110d41df7d35ebd8b3b8585052450f4097401c9be59d928c63e", size = 81136, upload-time = "2023-04-11T10:01:40.999Z" }
wheels = [
    { url = "https://files.pythonhosted.org/packages/4e/c1/692013f1e6115a061a14f6c7d05947515a1eb7b85ef6e9bf0ffbf0e92738/httpx-0.24.0-py3-none-any.whl", hash = "sha256:447556b50c1921c351ea54b4fe79d91b724ed2b027462ab9a329465d147d5a4e", size = 75282, upload-time = "2023-04-11T10:01:39.679Z" },
]

[[package]]
name = "idna"
version = "3.4"
source = { registry = "https://pypi.org/simple" }
sdist = { url = "https://files.pythonhosted.org/packages/8b/e1/43beb3d38dba6cb420cefa297822eac205a277ab43e5ba5d5c46faf96438/idna-3.4.tar.gz", hash = "sha256:814f528e8dead7d329833b91c5faa87d60bf71824cd12a7530b5526063d02cb4", size = 183077, upload-time = "2022-09-14T00:24:27.719Z" }
wheels = [
    { url = "https://files.pythonhosted.org/packages/fc/34/3030de6f1370931b9dbb4dad48f6ab1015ab1d32447850b9fc94e60097be/idna-3.4-py3-none-any.whl", hash = "sha256:90b77e79eaa3eba6de819a0c442c0b4ceefc341a7a2ab77d7562bf49f425c5c2", size = 61538, upload-time = "2022-09-14T00:24:23.22Z" },
]

[[package]]
name = "importlib-metadata"
version = "6.3.0"
source = { registry = "https://pypi.org/simple" }
dependencies = [
    { name = "zipp" },
]
sdist = { url = "https://files.pythonhosted.org/packages/c2/84/ab374b7e05fbdeecf867294660ac0fdb23aa286aca68a31d587f67d181ad/importlib_metadata-6.3.0.tar.gz", hash = "sha256:23c2bcae4762dfb0bbe072d358faec24957901d75b6c4ab11172c0c982532402", size = 52838, upload-time = "2023-04-10T02:27:42.883Z" }
wheels = [
    { url = "https://files.pythonhosted.org/packages/af/15/544ee37359dd4d8e490d1846062015f9d7d59b0f11e2e8e629917608e592/importlib_metadata-6.3.0-py3-none-any.whl", hash = "sha256:8f8bd2af397cf33bd344d35cfe7f489219b7d14fc79a3f854b75b8417e9226b0", size = 22533, upload-time = "2023-04-10T02:27:40.805Z" },
]

[[package]]
name = "lxml"
version = "4.9.2"
source = { registry = "https://pypi.org/simple" }
sdist = { url = "https://files.pythonhosted.org/packages/06/5a/e11cad7b79f2cf3dd2ff8f81fa8ca667e7591d3d8451768589996b65dec1/lxml-4.9.2.tar.gz", hash = "sha256:2455cfaeb7ac70338b3257f41e21f0724f4b5b0c0e7702da67ee6c3640835b67", size = 3682202, upload-time = "2022-12-13T22:08:35.066Z" }
wheels = [
    { url = "https://files.pythonhosted.org/packages/98/9c/fbbbcafca14a8711c8a036375389cb8c5b1d40185357ae6fbb62d9658d41/lxml-4.9.2-cp310-cp310-macosx_10_15_x86_64.whl", hash = "sha256:a08cff61517ee26cb56f1e949cca38caabe9ea9fbb4b1e10a805dc39844b7d5c", size = 4739264, upload-time = "2022-12-13T22:04:09.776Z" },
    { url = "https://files.pythonhosted.org/packages/3f/6c/d120c9de2f0079300c9cf86f3bb0e527b6f7a57f0bdc3fce37d67d840212/lxml-4.9.2-cp310-cp310-manylinux_2_12_i686.manylinux2010_i686.manylinux_2_24_i686.whl", hash = "sha256:85cabf64adec449132e55616e7ca3e1000ab449d1d0f9d7f83146ed5bdcb6d8a", size = 7175550, upload-time = "2022-12-13T22:04:14.688Z" },
    { url = "https://files.pythonhosted.org/packages/46/f5/3f61ae971a41c993ce3365e92354090ebf661426cb96fdc826108a9c31a2/lxml-4.9.2-cp310-cp310-manylinux_2_17_aarch64.manylinux2014_aarch64.manylinux_2_24_aarch64.whl", hash = "sha256:8340225bd5e7a701c0fa98284c849c9b9fc9238abf53a0ebd90900f25d39a4e4", size = 6757964, upload-time = "2022-12-13T22:04:19.487Z" },
    { url = "https://files.pythonhosted.org/packages/89/9c/be3ebeb6053c6625c0497f282e0d8acc36c309212d47201e9cb1198ffb54/lxml-4.9.2-cp310-cp310-manylinux_2_17_x86_64.manylinux2014_x86_64.manylinux_2_24_x86_64.whl", hash = "sha256:1ab8f1f932e8f82355e75dda5413a57612c6ea448069d4fb2e217e9a4bed13d4", size = 7098294, upload-time = "2022-12-13T22:04:24.195Z" },
    { url = "https://files.pythonhosted.org/packages/3b/a0/4977685b1e1414933765e404d9f3f4cf57ccbc4000af44dbdb951c165ea7/lxml-4.9.2-cp310-cp310-musllinux_1_1_aarch64.whl", hash = "sha256:699a9af7dffaf67deeae27b2112aa06b41c370d5e7633e0ee0aea2e0b6c211f7", size = 7562138, upload-time = "2022-12-13T22:04:29.261Z" },
    { url = "https://files.pythonhosted.org/packages/23/9e/d7dc52daaf44818c7cd0f4caea5eaa73ec2d23b3395987762dec9c736695/lxml-4.9.2-cp310-cp310-musllinux_1_1_x86_64.whl", hash = "sha256:b9cc34af337a97d470040f99ba4282f6e6bac88407d021688a5d585e44a23184", size = 7763874, upload-time = "2022-12-13T22:04:33.729Z" },
    { url = "https://files.pythonhosted.org/packages/ff/d9/e821232295ec540a9c62bbfd6121c2e2969996ee8bc3b0c5325cc88272d0/lxml-4.9.2-cp310-cp310-win32.whl", hash = "sha256:d02a5399126a53492415d4906ab0ad0375a5456cc05c3fc0fc4ca11771745cda", size = 3454840, upload-time = "2022-12-14T08:54:01.248Z" },
    { url = "https://files.pythonhosted.org/packages/3e/ab/dbab52317bd9f9a6aba4c4dbedf2ca8e81f0b79da62fde7cb1ebf11ed846/lxml-4.9.2-cp310-cp310-win_amd64.whl", hash = "sha256:a38486985ca49cfa574a507e7a2215c0c780fd1778bb6290c21193b7211702ab", size = 3773425, upload-time = "2022-12-13T22:04:37.712Z" },
    { url = "https://files.pythonhosted.org/packages/be/42/57fa86961a28a58a207577e6ab91bac2cd6aa04f17494d1b9f54bb394369/lxml-4.9.2-cp311-cp311-manylinux_2_12_i686.manylinux2010_i686.manylinux_2_24_i686.whl", hash = "sha256:c83203addf554215463b59f6399835201999b5e48019dc17f182ed5ad87205c9", size = 7228014, upload-time = "2022-12-13T22:04:47.413Z" },
    { url = "https://files.pythonhosted.org/packages/aa/05/217be981db0455d1c23e190683a6ab52c797f84f69501c930fee3b1109b5/lxml-4.9.2-cp311-cp311-manylinux_2_17_aarch64.manylinux2014_aarch64.manylinux_2_24_aarch64.whl", hash = "sha256:2a87fa548561d2f4643c99cd13131acb607ddabb70682dcf1dff5f71f781a4bf", size = 6820805, upload-time = "2022-12-13T22:04:51.884Z" },
    { url = "https://files.pythonhosted.org/packages/38/3c/0fdab49d310d931a8b81e2795037fbd5789d1bce12a1795b9cbc87bc1ceb/lxml-4.9.2-cp311-cp311-manylinux_2_17_x86_64.manylinux2014_x86_64.manylinux_2_24_x86_64.whl", hash = "sha256:d6b430a9938a5a5d85fc107d852262ddcd48602c120e3dbb02137c83d212b380", size = 7154138, upload-time = "2022-12-13T22:04:55.75Z" },
    { url = "https://files.pythonhosted.org/packages/e3/74/2e60c896fc763ee8e4d790968764a792138d53fa9a85bf2af69fd4093c80/lxml-4.9.2-cp311-cp311-musllinux_1_1_aarch64.whl", hash = "sha256:3efea981d956a6f7173b4659849f55081867cf897e719f57383698af6f618a92", size = 7568757, upload-time = "2022-12-13T22:05:00.157Z" },
    { url = "https://files.pythonhosted.org/packages/f6/45/232a3be71587fc534c009147b36081eb9bebd3bf6e608aec84598325aa41/lxml-4.9.2-cp311-cp311-musllinux_1_1_x86_64.whl", hash = "sha256:df0623dcf9668ad0445e0558a21211d4e9a149ea8f5666917c8eeec515f0a6d1", size = 7772851, upload-time = "2022-12-13T22:05:04.906Z" },
    { url = "https://files.pythonhosted.org/packages/cc/1f/79e12599f48515178471af9c79444528bd3f70c67c450907c6489590f94f/lxml-4.9.2-cp311-cp311-win32.whl", hash = "sha256:da248f93f0418a9e9d94b0080d7ebc407a9a5e6d0b57bb30db9b5cc28de1ad33", size = 3446172, upload-time = "2022-12-14T08:54:04.735Z" },
    { url = "https://files.pythonhosted.org/packages/9e/86/e1f135e123344e32dd9bfcbf420dcc2566fa3894fda78b27f981e26c170d/lxml-4.9.2-cp311-cp311-win_amd64.whl", hash = "sha256:3818b8e2c4b5148567e1b09ce739006acfaa44ce3156f8cbbc11062994b8e8dd", size = 3758441, upload-time = "2022-12-13T22:05:09.175Z" },
]

[[package]]
name = "parse"
version = "1.19.0"
source = { registry = "https://pypi.org/simple" }
sdist = { url = "https://files.pythonhosted.org/packages/89/a1/82ce536be577ba09d4dcee45db58423a180873ad38a2d014d26ab7b7cb8a/parse-1.19.0.tar.gz", hash = "sha256:9ff82852bcb65d139813e2a5197627a94966245c897796760a3a2a8eb66f020b", size = 30884, upload-time = "2021-01-14T01:36:09.884Z" }
wheels = [
    { url = "https://files.pythonhosted.org/packages/41/d4/ba354b3ee3c38a4fb0d4a95e66c565e75a3924c57a558648ad0b905510d5/parse-1.19.0-py2.py3-none-any.whl", hash = "sha256:6ce007645384a91150cb7cd7c8a9db2559e273c2e2542b508cd1e342508c2601", size = 18885, upload-time = "2023-06-17T05:44:42.395Z" },
]

[[package]]
name = "pyee"
version = "8.2.2"
source = { registry = "https://pypi.org/simple" }
sdist = { url = "https://files.pythonhosted.org/packages/e6/88/a917aaa0da1915292022745184275e095516b490a85d89fc48fd4de1c01a/pyee-8.2.2.tar.gz", hash = "sha256:5c7e60f8df95710dbe17550e16ce0153f83990c00ef744841b43f371ed53ebea", size = 16938, upload-time = "2021-08-14T23:22:32.369Z" }
wheels = [
    { url = "https://files.pythonhosted.org/packages/56/37/29d137df23ed1d88d8dcee8a6b8e789d1162042f194b5ccd0a48f503429b/pyee-8.2.2-py2.py3-none-any.whl", hash = "sha256:c09f56e36eb10bf23aa2aacf145f690ded75b990a3d9523fd478b005940303d2", size = 12709, upload-time = "2021-08-14T23:22:29.953Z" },
]

[[package]]
name = "pyppeteer"
version = "1.0.2"
source = { registry = "https://pypi.org/simple" }
dependencies = [
    { name = "appdirs" },
    { name = "certifi" },
    { name = "importlib-metadata" },
    { name = "pyee" },
    { name = "tqdm" },
    { name = "urllib3" },
    { name = "websockets" },
]
sdist = { url = "https://files.pythonhosted.org/packages/68/d6/10e7dfaa677888f59bb68902729e0b3d4dee540642533f60a4cdb8c1eb63/pyppeteer-1.0.2.tar.gz", hash = "sha256:ddb0d15cb644720160d49abb1ad0d97e87a55581febf1b7531be9e983aad7742", size = 70613, upload-time = "2022-01-11T05:39:30.06Z" }
wheels = [
    { url = "https://files.pythonhosted.org/packages/10/46/33c0a9e7d37bf33487074de4399963462093043ad224d1881e41cbd937f3/pyppeteer-1.0.2-py3-none-any.whl", hash = "sha256:11a734d8f02c6b128035aba8faf32748f2016310a6a1cbc6aa5b1e2580742e8f", size = 83378, upload-time = "2022-01-11T05:39:28.285Z" },
]

[[package]]
name = "pyquery"
version = "2.0.0"
source = { registry = "https://pypi.org/simple" }
dependencies = [
    { name = "cssselect" },
    { name = "lxml" },
]
sdist = { url = "https://files.pythonhosted.org/packages/6c/f2/5dfdea62dcffa3d224d6b25d050f27edfe3c143fff3505078b0903b18d7f/pyquery-2.0.0.tar.gz", hash = "sha256:963e8d4e90262ff6d8dec072ea97285dc374a2f69cad7776f4082abcf6a1d8ae", size = 45210, upload-time = "2022-12-28T14:34:47.519Z" }
wheels = [
    { url = "https://files.pythonhosted.org/packages/36/b7/f7ccf9e52e2817e1265d3719c600fa4ef33c07de4d5ef0ced3f43ab1cef2/pyquery-2.0.0-py3-none-any.whl", hash = "sha256:8dfc9b4b7c5f877d619bbae74b1898d5743f6ca248cfd5d72b504dd614da312f", size = 22721, upload-time = "2022-12-28T14:34:45.414Z" },
]

[[package]]
name = "requests"
version = "2.28.2"
source = { registry = "https://pypi.org/simple" }
dependencies = [
    { name = "certifi" },
    { name = "charset-normalizer" },
    { name = "idna" },
    { name = "urllib3" },
]
sdist = { url = "https://files.pythonhosted.org/packages/9d/ee/391076f5937f0a8cdf5e53b701ffc91753e87b07d66bae4a09aa671897bf/requests-2.28.2.tar.gz", hash = "sha256:98b1b2782e3c6c4904938b84c0eb932721069dfdb9134313beff7c83c2df24bf", size = 108206, upload-time = "2023-01-12T16:24:54.687Z" }
wheels = [
    { url = "https://files.pythonhosted.org/packages/d2/f4/274d1dbe96b41cf4e0efb70cbced278ffd61b5c7bb70338b62af94ccb25b/requests-2.28.2-py3-none-any.whl", hash = "sha256:64299f4909223da747622c030b781c0d7811e359c37124b4bd368fb8c6518baa", size = 62822, upload-time = "2023-01-12T16:24:52.241Z" },
]

[[package]]
name = "requests-html"
version = "0.10.0"
source = { registry = "https://pypi.org/simple" }
dependencies = [
    { name = "bs4" },
    { name = "fake-useragent" },
    { name = "parse" },
    { name = "pyppeteer" },
    { name = "pyquery" },
    { name = "requests" },
    { name = "w3lib" },
]
sdist = { url = "https://files.pythonhosted.org/packages/86/76/27a8fd44f43d265af17e75be753b6ebf67c93b1d4dc7cf6eb6ea2d03a13c/requests-html-0.10.0.tar.gz", hash = "sha256:7e929ecfed95fb1d0994bb368295d6d7c4d06b03fcb900c33d7d0b17e6003947", size = 17292, upload-time = "2019-02-17T20:14:19.486Z" }
wheels = [
    { url = "https://files.pythonhosted.org/packages/24/bc/a4380f09bab3a776182578ce6b2771e57259d0d4dbce178205779abdc347/requests_html-0.10.0-py3-none-any.whl", hash = "sha256:cb8a78cf829c4eca9d6233f28524f65dd2bfaafb4bdbbc407f0a0b8f487df6e2", size = 13388, upload-time = "2019-02-17T20:14:17.541Z" },
]

[[package]]
name = "sgmllib3k"
version = "1.0.0"
source = { registry = "https://pypi.org/simple" }
sdist = { url = "https://files.pythonhosted.org/packages/9e/bd/3704a8c3e0942d711c1299ebf7b9091930adae6675d7c8f476a7ce48653c/sgmllib3k-1.0.0.tar.gz", hash = "sha256:7868fb1c8bfa764c1ac563d3cf369c381d1325d36124933a726f29fcdaa812e9", size = 5750, upload-time = "2010-08-24T14:33:52.445Z" }

[[package]]
name = "sniffio"
version = "1.3.0"
source = { registry = "https://pypi.org/simple" }
sdist = { url = "https://files.pythonhosted.org/packages/cd/50/d49c388cae4ec10e8109b1b833fd265511840706808576df3ada99ecb0ac/sniffio-1.3.0.tar.gz", hash = "sha256:e60305c5e5d314f5389259b7f22aaa33d8f7dee49763119234af3755c55b9101", size = 17103, upload-time = "2022-09-01T12:31:36.968Z" }
wheels = [
    { url = "https://files.pythonhosted.org/packages/c3/a0/5dba8ed157b0136607c7f2151db695885606968d1fae123dc3391e0cfdbf/sniffio-1.3.0-py3-none-any.whl", hash = "sha256:eecefdce1e5bbfb7ad2eeaabf7c1eeb404d7757c379bd1f7e5cce9d8bf425384", size = 10165, upload-time = "2022-09-01T12:31:34.186Z" },
]

[[package]]
name = "soupsieve"
version = "2.4"
source = { registry = "https://pypi.org/simple" }
sdist = { url = "https://files.pythonhosted.org/packages/1b/cb/34933ebdd6bf6a77daaa0bd04318d61591452eb90ecca4def947e3cb2165/soupsieve-2.4.tar.gz", hash = "sha256:e28dba9ca6c7c00173e34e4ba57448f0688bb681b7c5e8bf4971daafc093d69a", size = 101268, upload-time = "2023-02-14T16:32:50.984Z" }
wheels = [
    { url = "https://files.pythonhosted.org/packages/d2/70/2c92d7bc961ba43b7b21032b7622144de5f97dec14b62226533f6940798e/soupsieve-2.4-py3-none-any.whl", hash = "sha256:49e5368c2cda80ee7e84da9dbe3e110b70a4575f196efb74e51b94549d921955", size = 37021, upload-time = "2023-02-14T16:32:49.49Z" },
]

[[package]]
name = "tqdm"
version = "4.65.0"
source = { registry = "https://pypi.org/simple" }
dependencies = [
    { name = "colorama", marker = "sys_platform == 'win32'" },
]
sdist = { url = "https://files.pythonhosted.org/packages/3d/78/81191f56abb7d3d56963337dbdff6aa4f55805c8afd8bad64b0a34199e9b/tqdm-4.65.0.tar.gz", hash = "sha256:1871fb68a86b8fb3b59ca4cdd3dcccbc7e6d613eeed31f4c332531977b89beb5", size = 167542, upload-time = "2023-03-03T21:17:29.945Z" }
wheels = [
    { url = "https://files.pythonhosted.org/packages/e6/02/a2cff6306177ae6bc73bc0665065de51dfb3b9db7373e122e2735faf0d97/tqdm-4.65.0-py3-none-any.whl", hash = "sha256:c4f53a17fe37e132815abceec022631be8ffe1b9381c2e6e30aa70edc99e9671", size = 77094, upload-time = "2023-03-03T21:17:26.348Z" },
]

[[package]]
name = "urllib3"
version = "1.26.15"
source = { registry = "https://pypi.org/simple" }
sdist = { url = "https://files.pythonhosted.org/packages/21/79/6372d8c0d0641b4072889f3ff84f279b738cd8595b64c8e0496d4e848122/urllib3-1.26.15.tar.gz", hash = "sha256:8a388717b9476f934a21484e8c8e61875ab60644d29b9b39e11e4b9dc1c6b305", size = 301444, upload-time = "2023-03-11T00:01:41.302Z" }
wheels = [
    { url = "https://files.pythonhosted.org/packages/7b/f5/890a0baca17a61c1f92f72b81d3c31523c99bec609e60c292ea55b387ae8/urllib3-1.26.15-py2.py3-none-any.whl", hash = "sha256:aa751d169e23c7479ce47a0cb0da579e3ede798f994f5816a74e4f4500dcea42", size = 140881, upload-time = "2023-03-11T00:01:39.031Z" },
]

[[package]]
name = "w3lib"
version = "2.1.1"
source = { registry = "https://pypi.org/simple" }
sdist = { url = "https://files.pythonhosted.org/packages/0b/29/755466b52987cf553231ca929149c62583b938dc9cd5a7cc63c9dcf2175c/w3lib-2.1.1.tar.gz", hash = "sha256:0e1198f1b745195b6b3dd1a4cd66011fbf82f30a4d9dabaee1f9e5c86f020274", size = 48471, upload-time = "2022-12-09T11:09:26.005Z" }
wheels = [
    { url = "https://files.pythonhosted.org/packages/d8/17/30a7228107e568291491a5ea0f8ad8c96c813a92b34ef71fafb489755633/w3lib-2.1.1-py3-none-any.whl", hash = "sha256:7fd5bd7980a95d1a8185e867d05f68a591aa281a3ded4590d2641d7b09086ed4", size = 21319, upload-time = "2022-12-09T11:09:24.539Z" },
]

[[package]]
name = "websockets"
version = "10.4"
source = { registry = "https://pypi.org/simple" }
sdist = { url = "https://files.pythonhosted.org/packages/85/dc/549a807a53c13fd4a8dac286f117a7a71260defea9ec0c05d6027f2ae273/websockets-10.4.tar.gz", hash = "sha256:eef610b23933c54d5d921c92578ae5f89813438fded840c2e9809d378dc765d3", size = 84877, upload-time = "2022-10-25T20:12:37.712Z" }
wheels = [
    { url = "https://files.pythonhosted.org/packages/14/88/81c08fb3418c5aedf3776333f29443599729509a4f673d6598dd769d3d6b/websockets-10.4-cp310-cp310-macosx_10_9_universal2.whl", hash = "sha256:d58804e996d7d2307173d56c297cf7bc132c52df27a3efaac5e8d43e36c21c48", size = 100633, upload-time = "2022-10-25T20:10:29.571Z" },
    { url = "https://files.pythonhosted.org/packages/68/bd/c8bd8354fc629863a2db39c9182d40297f47dfb2ed3e178bc83041ce044b/websockets-10.4-cp310-cp310-macosx_10_9_x86_64.whl", hash = "sha256:bc0b82d728fe21a0d03e65f81980abbbcb13b5387f733a1a870672c5be26edab", size = 97870, upload-time = "2022-10-25T20:10:33.577Z" },
    { url = "https://files.pythonhosted.org/packages/20/7a/bd0ce7ac1cfafc76c84d6e8051bcbd0f7def8e45207230833bd6ff77a41d/websockets-10.4-cp310-cp310-macosx_11_0_arm64.whl", hash = "sha256:ba089c499e1f4155d2a3c2a05d2878a3428cf321c848f2b5a45ce55f0d7d310c", size = 97945, upload-time = "2022-10-25T20:10:34.736Z" },
    { url = "https://files.pythonhosted.org/packages/25/a7/4e32f8edfc26339d8d170fe539e0b83a329c42d974dacfe07a0566390aef/websockets-10.4-cp310-cp310-manylinux_2_17_aarch64.manylinux2014_aarch64.whl", hash = "sha256:33d69ca7612f0ddff3316b0c7b33ca180d464ecac2d115805c044bf0a3b0d032", size = 107446, upload-time = "2022-10-25T20:10:36.154Z" },
    { url = "https://files.pythonhosted.org/packages/1c/4b/cab8fed34c3a29d4594ff77234f6e6b45feb35331f1c12fccf92ca5486dd/websockets-10.4-cp310-cp310-manylinux_2_5_i686.manylinux1_i686.manylinux_2_17_i686.manylinux2014_i686.whl", hash = "sha256:62e627f6b6d4aed919a2052efc408da7a545c606268d5ab5bfab4432734b82b4", size = 106455, upload-time = "2022-10-25T20:10:37.774Z" },
    { url = "https://files.pythonhosted.org/packages/4d/6f/2388f9304cdaa0215b6388f837c6dbfe6d63ac1bba8c196e3b14eea1831e/websockets-10.4-cp310-cp310-manylinux_2_5_x86_64.manylinux1_x86_64.manylinux_2_17_x86_64.manylinux2014_x86_64.whl", hash = "sha256:38ea7b82bfcae927eeffc55d2ffa31665dc7fec7b8dc654506b8e5a518eb4d50", size = 106763, upload-time = "2022-10-25T20:10:39.035Z" },
    { url = "https://files.pythonhosted.org/packages/0c/56/b2d373ed19b4e7b6c5c7630d598ba10473fa6131e67e69590214ab18bc09/websockets-10.4-cp310-cp310-musllinux_1_1_aarch64.whl", hash = "sha256:e0cb5cc6ece6ffa75baccfd5c02cffe776f3f5c8bf486811f9d3ea3453676ce8", size = 111489, upload-time = "2022-10-25T20:10:40.132Z" },
    { url = "https://files.pythonhosted.org/packages/a1/f6/83da14582fbb0496c47a4c039bd6e802886a0c300e9795c0f839fd1498e3/websockets-10.4-cp310-cp310-musllinux_1_1_i686.whl", hash = "sha256:ae5e95cfb53ab1da62185e23b3130e11d64431179debac6dc3c6acf08760e9b1", size = 110721, upload-time = "2022-10-25T20:10:41.174Z" },
    { url = "https://files.pythonhosted.org/packages/37/02/ef21ca4698c2fd950250e5ac397fd07b0c9f16bbd073d0ea64c25baef9c1/websockets-10.4-cp310-cp310-musllinux_1_1_x86_64.whl", hash = "sha256:7c584f366f46ba667cfa66020344886cf47088e79c9b9d39c84ce9ea98aaa331", size = 111343, upload-time = "2022-10-25T20:10:42.463Z" },
    { url = "https://files.pythonhosted.org/packages/a1/6f/60e5f6e114b6077683d74da5df0d4af647a9e6d2a18b4698f577b2cb7c14/websockets-10.4-cp310-cp310-win32.whl", hash = "sha256:b029fb2032ae4724d8ae8d4f6b363f2cc39e4c7b12454df8df7f0f563ed3e61a", size = 100918, upload-time = "2022-10-25T20:10:43.785Z" },
    { url = "https://files.pythonhosted.org/packages/1e/76/163a18626001465a309bf74b6aeb301d7092e304637fe00f89d7efc75c44/websockets-10.4-cp310-cp310-win_amd64.whl", hash = "sha256:8dc96f64ae43dde92530775e9cb169979f414dcf5cff670455d81a6823b42089", size = 101442, upload-time = "2022-10-25T20:10:45.003Z" },
    { url = "https://files.pythonhosted.org/packages/60/3a/6dccbe2725d13c398b90cbebeea684cda7792e6d874f96417db900556ad0/websockets-10.4-cp311-cp311-macosx_10_9_universal2.whl", hash = "sha256:47a2964021f2110116cc1125b3e6d87ab5ad16dea161949e7244ec583b905bb4", size = 100656, upload-time = "2022-10-25T20:10:46.423Z" },
    { url = "https://files.pythonhosted.org/packages/d1/60/0a6cb94e25b981e428c1cdcc2b0a406ac6e1dfc78d8a81c8a4ee7510e853/websockets-10.4-cp311-cp311-macosx_10_9_x86_64.whl", hash = "sha256:e789376b52c295c4946403bd0efecf27ab98f05319df4583d3c48e43c7342c2f", size = 97896, upload-time = "2022-10-25T20:10:47.511Z" },
    { url = "https://files.pythonhosted.org/packages/cc/19/2f003f9f81c0fab2eabb81d8fc2fce5fb5b5714f1b4abfe897cb209e031d/websockets-10.4-cp311-cp311-macosx_11_0_arm64.whl", hash = "sha256:7d3f0b61c45c3fa9a349cf484962c559a8a1d80dae6977276df8fd1fa5e3cb8c", size = 97947, upload-time = "2022-10-25T20:10:51.144Z" },
    { url = "https://files.pythonhosted.org/packages/5d/3c/fc1725524e48f624df77f5998b1c7070fdddec3ae67a2ffbc99ffd116269/websockets-10.4-cp311-cp311-manylinux_2_17_aarch64.manylinux2014_aarch64.whl", hash = "sha256:f55b5905705725af31ccef50e55391621532cd64fbf0bc6f4bac935f0fccec46", size = 108024, upload-time = "2022-10-25T20:10:52.237Z" },
    { url = "https://files.pythonhosted.org/packages/68/ec/3267f8bbe8a4a5e181ab3fc67cc137f0966ab9e9a4da14ffc603f320b9e6/websockets-10.4-cp311-cp311-manylinux_2_5_i686.manylinux1_i686.manylinux_2_17_i686.manylinux2014_i686.whl", hash = "sha256:00c870522cdb69cd625b93f002961ffb0c095394f06ba8c48f17eef7c1541f96", size = 107020, upload-time = "2022-10-25T20:10:55.856Z" },
    { url = "https://files.pythonhosted.org/packages/d5/5d/d0b039f0db0bb1fea93437721cf3cd8a244ad02a86960c38a3853d5e1fab/websockets-10.4-cp311-cp311-manylinux_2_5_x86_64.manylinux1_x86_64.manylinux_2_17_x86_64.manylinux2014_x86_64.whl", hash = "sha256:8f38706e0b15d3c20ef6259fd4bc1700cd133b06c3c1bb108ffe3f8947be15fa", size = 107398, upload-time = "2022-10-25T20:10:56.983Z" },
    { url = "https://files.pythonhosted.org/packages/d1/c6/9489869aa591e6a8941b0af2302f8383e199e90477559a510713d41bfa45/websockets-10.4-cp311-cp311-musllinux_1_1_aarch64.whl", hash = "sha256:f2c38d588887a609191d30e902df2a32711f708abfd85d318ca9b367258cfd0c", size = 112842, upload-time = "2022-10-25T20:10:58.191Z" },
    { url = "https://files.pythonhosted.org/packages/0c/f0/195097822f8edc4ffa355f6463a1890928577517382c0baededc760f9397/websockets-10.4-cp311-cp311-musllinux_1_1_i686.whl", hash = "sha256:fe10ddc59b304cb19a1bdf5bd0a7719cbbc9fbdd57ac80ed436b709fcf889106", size = 112118, upload-time = "2022-10-25T20:10:59.279Z" },
    { url = "https://files.pythonhosted.org/packages/19/a3/02ce75ffca3ef147cc0f44647c67acb3171b5a09910b5b9f083b5ca395a6/websockets-10.4-cp311-cp311-musllinux_1_1_x86_64.whl", hash = "sha256:90fcf8929836d4a0e964d799a58823547df5a5e9afa83081761630553be731f9", size = 112714, upload-time = "2022-10-25T20:11:02.298Z" },
    { url = "https://files.pythonhosted.org/packages/b0/fc/a818cddc63589e12d5eff9b51a59aad82e2adf35279493248a3742c41f85/websockets-10.4-cp311-cp311-win32.whl", hash = "sha256:b9968694c5f467bf67ef97ae7ad4d56d14be2751000c1207d31bf3bb8860bae8", size = 100918, upload-time = "2022-10-25T20:11:05.475Z" },
    { url = "https://files.pythonhosted.org/packages/27/bb/6327e8c7d4dd7d5b450b409a461be278968ce05c54da13da581ac87661db/websockets-10.4-cp311-cp311-win_amd64.whl", hash = "sha256:a7a240d7a74bf8d5cb3bfe6be7f21697a28ec4b1a437607bae08ac7acf5b4882", size = 101444, upload-time = "2022-10-25T20:11:06.603Z" },
]

[[package]]
name = "zipp"
version = "3.15.0"
source = { registry = "https://pypi.org/simple" }
sdist = { url = "https://files.pythonhosted.org/packages/00/27/f0ac6b846684cecce1ee93d32450c45ab607f65c2e0255f0092032d91f07/zipp-3.15.0.tar.gz", hash = "sha256:112929ad649da941c23de50f356a2b5570c954b65150642bccdd66bf194d224b", size = 18454, upload-time = "2023-02-25T02:17:22.503Z" }
wheels = [
    { url = "https://files.pythonhosted.org/packages/5b/fa/c9e82bbe1af6266adf08afb563905eb87cab83fde00a0a08963510621047/zipp-3.15.0-py3-none-any.whl", hash = "sha256:48904fc76a60e542af151aded95726c1a5c34ed43ab4134b597665c86d7ad556", size = 6758, upload-time = "2023-02-25T02:17:20.807Z" },
]
